
Microsoft Visual Studio Solution File, Format Version 12.00
# Visual Studio 15
VisualStudioVersion = 15.0.28307.705
MinimumVisualStudioVersion = 10.0.40219.1
Project("{FAE04EC0-301F-11D3-BF4B-00C04F79EFBC}") = "COMP123-S2019-Lesson9A", "COMP123-S2019-Lesson9A\COMP123-S2019-Lesson9A.csproj", "{5CA189CA-4475-4D91-AE98-8B9658446132}"
EndProject
Global
	GlobalSection(SolutionConfigurationPlatforms) = preSolution
		Debug|Any CPU = Debug|Any CPU
		Release|Any CPU = Release|Any CPU
	EndGlobalSection
	GlobalSection(ProjectConfigurationPlatforms) = postSolution
		{5CA189CA-4475-4D91-AE98-8B9658446132}.Debug|Any CPU.ActiveCfg = Debug|Any CPU
		{5CA189CA-4475-4D91-AE98-8B9658446132}.Debug|Any CPU.Build.0 = Debug|Any CPU
		{5CA189CA-4475-4D91-AE98-8B9658446132}.Release|Any CPU.ActiveCfg = Release|Any CPU
		{5CA189CA-4475-4D91-AE98-8B9658446132}.Release|Any CPU.Build.0 = Release|Any CPU
	EndGlobalSection
	GlobalSection(SolutionProperties) = preSolution
		HideSolutionNode = FALSE
	EndGlobalSection
	GlobalSection(ExtensibilityGlobals) = postSolution
		SolutionGuid = {FD82AB0A-8999-4533-8DE4-ABB5A1968BCC}
	EndGlobalSection
EndGlobal
